
Microsoft Visual Studio Solution File, Format Version 12.00
# Visual Studio Version 17
VisualStudioVersion = 17.7.34202.233
MinimumVisualStudioVersion = 10.0.40219.1
Project("{2150E333-8FDC-42A3-9474-1A3956D46DE8}") = "Services", "Services", "{E871D6F0-64B4-4855-91E1-6677D25692A6}"
EndProject
Project("{2150E333-8FDC-42A3-9474-1A3956D46DE8}") = "KweetService", "KweetService", "{0262AAF0-9685-4BD0-95D0-F56C787B70F3}"
EndProject
Project("{2150E333-8FDC-42A3-9474-1A3956D46DE8}") = "APIGateway", "APIGateway", "{8C235A7A-35D8-4C72-877B-C9398AC3E4C3}"
EndProject
Project("{9A19103F-16F7-4668-BE54-9A1E7A4F7556}") = "APIGateway", "Services\APIGateway\APIGateway\APIGateway.csproj", "{CE7F3C1D-8B6F-40FB-8DE2-6E2C3785AFC4}"
EndProject
Project("{2150E333-8FDC-42A3-9474-1A3956D46DE8}") = "Solution Items", "Solution Items", "{536BA009-C6F6-4CA8-8C78-790AA0489AC4}"
	ProjectSection(SolutionItems) = preProject
		docker-compose.yml = docker-compose.yml
		docker.env = docker.env
	EndProjectSection
EndProject
Project("{2150E333-8FDC-42A3-9474-1A3956D46DE8}") = "CustomerService", "CustomerService", "{952358B0-296B-444E-B952-E4F312DB8BB4}"
EndProject
Project("{2150E333-8FDC-42A3-9474-1A3956D46DE8}") = "Workflow", "Workflow", "{32A8A403-972C-45EF-860E-302043508E02}"
	ProjectSection(SolutionItems) = preProject
		..\.github\workflows\buildandpush.yml = ..\.github\workflows\buildandpush.yml
	EndProjectSection
EndProject
Project("{2150E333-8FDC-42A3-9474-1A3956D46DE8}") = "Common", "Common", "{AC60A371-71DA-4159-8EE0-2B514E2EEDDE}"
EndProject
Project("{2150E333-8FDC-42A3-9474-1A3956D46DE8}") = "FollowService", "FollowService", "{9E4B5A01-FEBE-4C63-9984-7CE825F56EA3}"
EndProject
Project("{2150E333-8FDC-42A3-9474-1A3956D46DE8}") = "Kubernetes", "Kubernetes", "{ADA318F3-D9B9-4B09-8A39-069B18E83A19}"
EndProject
Project("{2150E333-8FDC-42A3-9474-1A3956D46DE8}") = "Services", "Services", "{AD321D73-43BF-4C82-A0ED-8E51DF02F0E4}"
	ProjectSection(SolutionItems) = preProject
		..\Kubernetes\Services\kwetter-secret.yaml = ..\Kubernetes\Services\kwetter-secret.yaml
	EndProjectSection
EndProject
Project("{2150E333-8FDC-42A3-9474-1A3956D46DE8}") = "KweetService", "KweetService", "{5A19069E-0D36-4D30-8BC2-27FCC5F04A53}"
	ProjectSection(SolutionItems) = preProject
		..\Kubernetes\Services\KweetService\kweetserviceapi.autoscaler.yaml = ..\Kubernetes\Services\KweetService\kweetserviceapi.autoscaler.yaml
		..\Kubernetes\Services\KweetService\kweetserviceapi.deployment.yaml = ..\Kubernetes\Services\KweetService\kweetserviceapi.deployment.yaml
		..\Kubernetes\Services\KweetService\kweetservicedb.autoscaler.yaml = ..\Kubernetes\Services\KweetService\kweetservicedb.autoscaler.yaml
		..\Kubernetes\Services\KweetService\kweetservicedb.deployment.yaml = ..\Kubernetes\Services\KweetService\kweetservicedb.deployment.yaml
		..\Kubernetes\Services\KweetService\kweetservicedb.deploymentkubegress.yaml = ..\Kubernetes\Services\KweetService\kweetservicedb.deploymentkubegress.yaml
		..\Kubernetes\Services\KweetService\postgres-secret.yaml = ..\Kubernetes\Services\KweetService\postgres-secret.yaml
	EndProjectSection
EndProject
Project("{2150E333-8FDC-42A3-9474-1A3956D46DE8}") = "FollowService", "FollowService", "{12D415B3-D6C0-4664-9531-34581FA40254}"
	ProjectSection(SolutionItems) = preProject
		..\Kubernetes\Services\FollowService\followserviceapi.deployment.yaml = ..\Kubernetes\Services\FollowService\followserviceapi.deployment.yaml
		..\Kubernetes\Services\FollowService\followservicedb.deployment.yaml = ..\Kubernetes\Services\FollowService\followservicedb.deployment.yaml
	EndProjectSection
EndProject
Project("{2150E333-8FDC-42A3-9474-1A3956D46DE8}") = "CustomerService", "CustomerService", "{0F6B2377-FC9C-43A7-B40A-9EAEDD76BF48}"
	ProjectSection(SolutionItems) = preProject
		..\Kubernetes\Services\CustomerService\customerserviceapi.deployment.yaml = ..\Kubernetes\Services\CustomerService\customerserviceapi.deployment.yaml
		..\Kubernetes\Services\CustomerService\customerservicedb.deployment.yaml = ..\Kubernetes\Services\CustomerService\customerservicedb.deployment.yaml
	EndProjectSection
EndProject
Project("{2150E333-8FDC-42A3-9474-1A3956D46DE8}") = "APIGateway", "APIGateway", "{7584EB9E-0BE5-454D-99E9-4C48428E3B94}"
	ProjectSection(SolutionItems) = preProject
		..\Kubernetes\Services\APIGateway\apigateway.deployment.yaml = ..\Kubernetes\Services\APIGateway\apigateway.deployment.yaml
		..\Kubernetes\Services\APIGateway\apigateway.ingress.yaml = ..\Kubernetes\Services\APIGateway\apigateway.ingress.yaml
	EndProjectSection
EndProject
Project("{9A19103F-16F7-4668-BE54-9A1E7A4F7556}") = "KweetService.API", "Services\KweetService\API\KweetService.API.csproj", "{E7BA8B17-2F60-4444-9711-E7670B22CE12}"
	ProjectSection(ProjectDependencies) = postProject
		{5A936CB4-A4CE-455A-9F93-CE6705788B8E} = {5A936CB4-A4CE-455A-9F93-CE6705788B8E}
	EndProjectSection
EndProject
Project("{9A19103F-16F7-4668-BE54-9A1E7A4F7556}") = "FollowService.API", "Services\FollowService\API\FollowService.API.csproj", "{A5581739-32A8-4527-BDEA-F61B1E153627}"
	ProjectSection(ProjectDependencies) = postProject
		{5A936CB4-A4CE-455A-9F93-CE6705788B8E} = {5A936CB4-A4CE-455A-9F93-CE6705788B8E}
	EndProjectSection
EndProject
Project("{9A19103F-16F7-4668-BE54-9A1E7A4F7556}") = "CustomerService.API", "Services\CustomerService\API\CustomerService.API.csproj", "{42A3214E-78E5-4416-AEAF-2C88F9100E3F}"
	ProjectSection(ProjectDependencies) = postProject
		{5A936CB4-A4CE-455A-9F93-CE6705788B8E} = {5A936CB4-A4CE-455A-9F93-CE6705788B8E}
	EndProjectSection
EndProject
Project("{9A19103F-16F7-4668-BE54-9A1E7A4F7556}") = "Common", "Services\Common\API\Common.csproj", "{5A936CB4-A4CE-455A-9F93-CE6705788B8E}"
EndProject
Project("{2150E333-8FDC-42A3-9474-1A3956D46DE8}") = "FeedService", "FeedService", "{DF0D42CA-B437-4EFE-8956-C97F3729CFA2}"
EndProject
Project("{9A19103F-16F7-4668-BE54-9A1E7A4F7556}") = "FeedService.API", "Services\FeedService\API\FeedService.API.csproj", "{D89DA17D-6D72-4A3B-8FE9-44285C1068E8}"
EndProject
Project("{2150E333-8FDC-42A3-9474-1A3956D46DE8}") = "FeedService", "FeedService", "{35EBA636-7846-44B3-BE42-591CB7B59DB3}"
	ProjectSection(SolutionItems) = preProject
		..\Kubernetes\Services\FeedService\feedserviceapi.deployment.yaml = ..\Kubernetes\Services\FeedService\feedserviceapi.deployment.yaml
		..\Kubernetes\Services\FeedService\feedservicedb.deployment.yaml = ..\Kubernetes\Services\FeedService\feedservicedb.deployment.yaml
	EndProjectSection
EndProject
Project("{2150E333-8FDC-42A3-9474-1A3956D46DE8}") = "ModerationService", "ModerationService", "{35E3CA67-D0AE-46F0-9BE8-E902B1D4B2BA}"
EndProject
Project("{9A19103F-16F7-4668-BE54-9A1E7A4F7556}") = "ModerationService.API", "Services\ModerationService\API\ModerationService.API.csproj", "{2D87135E-ECCD-4555-9962-6B6E5B0E88ED}"
EndProject
Project("{2150E333-8FDC-42A3-9474-1A3956D46DE8}") = "ModerationService", "ModerationService", "{687927B4-CDCC-4D82-A997-DCFA6489C559}"
	ProjectSection(SolutionItems) = preProject
		..\Kubernetes\Services\ModerationService\moderationserviceapi.deployment.yaml = ..\Kubernetes\Services\ModerationService\moderationserviceapi.deployment.yaml
		..\Kubernetes\Services\ModerationService\moderationservicedb.deployment.yaml = ..\Kubernetes\Services\ModerationService\moderationservicedb.deployment.yaml
	EndProjectSection
EndProject
Project("{2150E333-8FDC-42A3-9474-1A3956D46DE8}") = "LoadTesting", "LoadTesting", "{0F7FF60D-208E-4FA1-8D95-841E47EF0CC6}"
	ProjectSection(SolutionItems) = preProject
		..\Kubernetes\LoadTesting\CreateKweet.js = ..\Kubernetes\LoadTesting\CreateKweet.js
		..\Kubernetes\LoadTesting\Test.js = ..\Kubernetes\LoadTesting\Test.js
	EndProjectSection
EndProject
Project("{2150E333-8FDC-42A3-9474-1A3956D46DE8}") = "RabbitMQ", "RabbitMQ", "{39161C76-11FA-415E-9048-B49825EEB8FB}"
	ProjectSection(SolutionItems) = preProject
		..\Kubernetes\RabbitMQ\rabbitmq.deployment.yaml = ..\Kubernetes\RabbitMQ\rabbitmq.deployment.yaml
	EndProjectSection
EndProject
Project("{2150E333-8FDC-42A3-9474-1A3956D46DE8}") = "Dashboard", "Dashboard", "{2B4B45C8-13E4-4457-B9C8-7EE407EAC865}"
	ProjectSection(SolutionItems) = preProject
		..\Kubernetes\Dashboard\dashboard-adminuser.yaml = ..\Kubernetes\Dashboard\dashboard-adminuser.yaml
	EndProjectSection
EndProject
Project("{2150E333-8FDC-42A3-9474-1A3956D46DE8}") = "Monitoring", "Monitoring", "{67B6FB1C-9CC3-436A-BDCE-429CF03CEB1D}"
	ProjectSection(SolutionItems) = preProject
		..\Kubernetes\Monitoring\clusterRole.yaml = ..\Kubernetes\Monitoring\clusterRole.yaml
		..\Kubernetes\Monitoring\config-map.yaml = ..\Kubernetes\Monitoring\config-map.yaml
		..\Kubernetes\Monitoring\datadog-agent.yaml = ..\Kubernetes\Monitoring\datadog-agent.yaml
		..\Kubernetes\Monitoring\kube-state-metrics.deployment.yaml = ..\Kubernetes\Monitoring\kube-state-metrics.deployment.yaml
		..\Kubernetes\Monitoring\prometheus-deployment.yaml = ..\Kubernetes\Monitoring\prometheus-deployment.yaml
	EndProjectSection
EndProject
Project("{2150E333-8FDC-42A3-9474-1A3956D46DE8}") = ".Namespaces", ".Namespaces", "{8450281D-D709-456C-93D5-58D3BDFCF34A}"
	ProjectSection(SolutionItems) = preProject
		..\Kubernetes\.Namespaces\kwetternamespace.yaml = ..\Kubernetes\.Namespaces\kwetternamespace.yaml
		..\Kubernetes\.Namespaces\monitoring.yaml = ..\Kubernetes\.Namespaces\monitoring.yaml
	EndProjectSection
EndProject
Project("{2150E333-8FDC-42A3-9474-1A3956D46DE8}") = "Frontend", "Frontend", "{A694E8D8-4B11-4EF6-94A7-5C2F02C63ABC}"
	ProjectSection(SolutionItems) = preProject
		..\Kubernetes\Frontend\frontend.deployment.yaml = ..\Kubernetes\Frontend\frontend.deployment.yaml
		..\Kubernetes\Frontend\frontend.ingress.yaml = ..\Kubernetes\Frontend\frontend.ingress.yaml
	EndProjectSection
EndProject
Project("{FAE04EC0-301F-11D3-BF4B-00C04F79EFBC}") = "Test", "Services\KweetService\Test\Test.csproj", "{9EB5CC08-B6BB-45C5-A1A7-D42334271E8A}"
EndProject
Global
	GlobalSection(SolutionConfigurationPlatforms) = preSolution
		Debug|Any CPU = Debug|Any CPU
		Release|Any CPU = Release|Any CPU
	EndGlobalSection
	GlobalSection(ProjectConfigurationPlatforms) = postSolution
		{CE7F3C1D-8B6F-40FB-8DE2-6E2C3785AFC4}.Debug|Any CPU.ActiveCfg = Debug|Any CPU
		{CE7F3C1D-8B6F-40FB-8DE2-6E2C3785AFC4}.Debug|Any CPU.Build.0 = Debug|Any CPU
		{CE7F3C1D-8B6F-40FB-8DE2-6E2C3785AFC4}.Release|Any CPU.ActiveCfg = Release|Any CPU
		{CE7F3C1D-8B6F-40FB-8DE2-6E2C3785AFC4}.Release|Any CPU.Build.0 = Release|Any CPU
		{E7BA8B17-2F60-4444-9711-E7670B22CE12}.Debug|Any CPU.ActiveCfg = Debug|Any CPU
		{E7BA8B17-2F60-4444-9711-E7670B22CE12}.Debug|Any CPU.Build.0 = Debug|Any CPU
		{E7BA8B17-2F60-4444-9711-E7670B22CE12}.Release|Any CPU.ActiveCfg = Release|Any CPU
		{E7BA8B17-2F60-4444-9711-E7670B22CE12}.Release|Any CPU.Build.0 = Release|Any CPU
		{A5581739-32A8-4527-BDEA-F61B1E153627}.Debug|Any CPU.ActiveCfg = Debug|Any CPU
		{A5581739-32A8-4527-BDEA-F61B1E153627}.Debug|Any CPU.Build.0 = Debug|Any CPU
		{A5581739-32A8-4527-BDEA-F61B1E153627}.Release|Any CPU.ActiveCfg = Release|Any CPU
		{A5581739-32A8-4527-BDEA-F61B1E153627}.Release|Any CPU.Build.0 = Release|Any CPU
		{42A3214E-78E5-4416-AEAF-2C88F9100E3F}.Debug|Any CPU.ActiveCfg = Debug|Any CPU
		{42A3214E-78E5-4416-AEAF-2C88F9100E3F}.Debug|Any CPU.Build.0 = Debug|Any CPU
		{42A3214E-78E5-4416-AEAF-2C88F9100E3F}.Release|Any CPU.ActiveCfg = Release|Any CPU
		{42A3214E-78E5-4416-AEAF-2C88F9100E3F}.Release|Any CPU.Build.0 = Release|Any CPU
		{5A936CB4-A4CE-455A-9F93-CE6705788B8E}.Debug|Any CPU.ActiveCfg = Debug|Any CPU
		{5A936CB4-A4CE-455A-9F93-CE6705788B8E}.Debug|Any CPU.Build.0 = Debug|Any CPU
		{5A936CB4-A4CE-455A-9F93-CE6705788B8E}.Release|Any CPU.ActiveCfg = Release|Any CPU
		{5A936CB4-A4CE-455A-9F93-CE6705788B8E}.Release|Any CPU.Build.0 = Release|Any CPU
		{D89DA17D-6D72-4A3B-8FE9-44285C1068E8}.Debug|Any CPU.ActiveCfg = Debug|Any CPU
		{D89DA17D-6D72-4A3B-8FE9-44285C1068E8}.Debug|Any CPU.Build.0 = Debug|Any CPU
		{D89DA17D-6D72-4A3B-8FE9-44285C1068E8}.Release|Any CPU.ActiveCfg = Release|Any CPU
		{D89DA17D-6D72-4A3B-8FE9-44285C1068E8}.Release|Any CPU.Build.0 = Release|Any CPU
		{2D87135E-ECCD-4555-9962-6B6E5B0E88ED}.Debug|Any CPU.ActiveCfg = Debug|Any CPU
		{2D87135E-ECCD-4555-9962-6B6E5B0E88ED}.Debug|Any CPU.Build.0 = Debug|Any CPU
		{2D87135E-ECCD-4555-9962-6B6E5B0E88ED}.Release|Any CPU.ActiveCfg = Release|Any CPU
		{2D87135E-ECCD-4555-9962-6B6E5B0E88ED}.Release|Any CPU.Build.0 = Release|Any CPU
		{9EB5CC08-B6BB-45C5-A1A7-D42334271E8A}.Debug|Any CPU.ActiveCfg = Debug|Any CPU
		{9EB5CC08-B6BB-45C5-A1A7-D42334271E8A}.Debug|Any CPU.Build.0 = Debug|Any CPU
		{9EB5CC08-B6BB-45C5-A1A7-D42334271E8A}.Release|Any CPU.ActiveCfg = Release|Any CPU
		{9EB5CC08-B6BB-45C5-A1A7-D42334271E8A}.Release|Any CPU.Build.0 = Release|Any CPU
	EndGlobalSection
	GlobalSection(SolutionProperties) = preSolution
		HideSolutionNode = FALSE
	EndGlobalSection
	GlobalSection(NestedProjects) = preSolution
		{0262AAF0-9685-4BD0-95D0-F56C787B70F3} = {E871D6F0-64B4-4855-91E1-6677D25692A6}
		{8C235A7A-35D8-4C72-877B-C9398AC3E4C3} = {E871D6F0-64B4-4855-91E1-6677D25692A6}
		{CE7F3C1D-8B6F-40FB-8DE2-6E2C3785AFC4} = {8C235A7A-35D8-4C72-877B-C9398AC3E4C3}
		{952358B0-296B-444E-B952-E4F312DB8BB4} = {E871D6F0-64B4-4855-91E1-6677D25692A6}
		{AC60A371-71DA-4159-8EE0-2B514E2EEDDE} = {E871D6F0-64B4-4855-91E1-6677D25692A6}
		{9E4B5A01-FEBE-4C63-9984-7CE825F56EA3} = {E871D6F0-64B4-4855-91E1-6677D25692A6}
		{AD321D73-43BF-4C82-A0ED-8E51DF02F0E4} = {ADA318F3-D9B9-4B09-8A39-069B18E83A19}
		{5A19069E-0D36-4D30-8BC2-27FCC5F04A53} = {AD321D73-43BF-4C82-A0ED-8E51DF02F0E4}
		{12D415B3-D6C0-4664-9531-34581FA40254} = {AD321D73-43BF-4C82-A0ED-8E51DF02F0E4}
		{0F6B2377-FC9C-43A7-B40A-9EAEDD76BF48} = {AD321D73-43BF-4C82-A0ED-8E51DF02F0E4}
		{7584EB9E-0BE5-454D-99E9-4C48428E3B94} = {AD321D73-43BF-4C82-A0ED-8E51DF02F0E4}
		{E7BA8B17-2F60-4444-9711-E7670B22CE12} = {0262AAF0-9685-4BD0-95D0-F56C787B70F3}
		{A5581739-32A8-4527-BDEA-F61B1E153627} = {9E4B5A01-FEBE-4C63-9984-7CE825F56EA3}
		{42A3214E-78E5-4416-AEAF-2C88F9100E3F} = {952358B0-296B-444E-B952-E4F312DB8BB4}
		{5A936CB4-A4CE-455A-9F93-CE6705788B8E} = {AC60A371-71DA-4159-8EE0-2B514E2EEDDE}
		{DF0D42CA-B437-4EFE-8956-C97F3729CFA2} = {E871D6F0-64B4-4855-91E1-6677D25692A6}
		{D89DA17D-6D72-4A3B-8FE9-44285C1068E8} = {DF0D42CA-B437-4EFE-8956-C97F3729CFA2}
		{35EBA636-7846-44B3-BE42-591CB7B59DB3} = {AD321D73-43BF-4C82-A0ED-8E51DF02F0E4}
		{35E3CA67-D0AE-46F0-9BE8-E902B1D4B2BA} = {E871D6F0-64B4-4855-91E1-6677D25692A6}
		{2D87135E-ECCD-4555-9962-6B6E5B0E88ED} = {35E3CA67-D0AE-46F0-9BE8-E902B1D4B2BA}
		{687927B4-CDCC-4D82-A997-DCFA6489C559} = {AD321D73-43BF-4C82-A0ED-8E51DF02F0E4}
		{0F7FF60D-208E-4FA1-8D95-841E47EF0CC6} = {ADA318F3-D9B9-4B09-8A39-069B18E83A19}
		{39161C76-11FA-415E-9048-B49825EEB8FB} = {ADA318F3-D9B9-4B09-8A39-069B18E83A19}
		{2B4B45C8-13E4-4457-B9C8-7EE407EAC865} = {ADA318F3-D9B9-4B09-8A39-069B18E83A19}
		{67B6FB1C-9CC3-436A-BDCE-429CF03CEB1D} = {ADA318F3-D9B9-4B09-8A39-069B18E83A19}
		{8450281D-D709-456C-93D5-58D3BDFCF34A} = {ADA318F3-D9B9-4B09-8A39-069B18E83A19}
		{A694E8D8-4B11-4EF6-94A7-5C2F02C63ABC} = {ADA318F3-D9B9-4B09-8A39-069B18E83A19}
		{9EB5CC08-B6BB-45C5-A1A7-D42334271E8A} = {0262AAF0-9685-4BD0-95D0-F56C787B70F3}
	EndGlobalSection
	GlobalSection(ExtensibilityGlobals) = postSolution
		SolutionGuid = {2B5A65A9-0857-4D6D-9876-59B6E417394B}
	EndGlobalSection
EndGlobal
